
Microsoft Visual Studio Solution File, Format Version 12.00
# Visual Studio 15
VisualStudioVersion = 15.0.28307.1321
MinimumVisualStudioVersion = 10.0.40219.1
Project("{8BC9CEB8-8B4A-11D0-8D11-00A0C91BC942}") = "NEATmaze", "NEATmaze\NEATmaze.vcxproj", "{B21533E9-1E47-4113-801B-403EFC7B8962}"
EndProject
Global
	GlobalSection(SolutionConfigurationPlatforms) = preSolution
		Debug|x64 = Debug|x64
		Debug|x86 = Debug|x86
		Debug-Static|x64 = Debug-Static|x64
		Debug-Static|x86 = Debug-Static|x86
		Release|x64 = Release|x64
		Release|x86 = Release|x86
		Release-Static|x64 = Release-Static|x64
		Release-Static|x86 = Release-Static|x86
	EndGlobalSection
	GlobalSection(ProjectConfigurationPlatforms) = postSolution
		{B21533E9-1E47-4113-801B-403EFC7B8962}.Debug|x64.ActiveCfg = Debug|x64
		{B21533E9-1E47-4113-801B-403EFC7B8962}.Debug|x64.Build.0 = Debug|x64
		{B21533E9-1E47-4113-801B-403EFC7B8962}.Debug|x86.ActiveCfg = Debug|Win32
		{B21533E9-1E47-4113-801B-403EFC7B8962}.Debug|x86.Build.0 = Debug|Win32
		{B21533E9-1E47-4113-801B-403EFC7B8962}.Debug-Static|x64.ActiveCfg = Debug-Static|x64
		{B21533E9-1E47-4113-801B-403EFC7B8962}.Debug-Static|x64.Build.0 = Debug-Static|x64
		{B21533E9-1E47-4113-801B-403EFC7B8962}.Debug-Static|x86.ActiveCfg = Debug-Static|Win32
		{B21533E9-1E47-4113-801B-403EFC7B8962}.Debug-Static|x86.Build.0 = Debug-Static|Win32
		{B21533E9-1E47-4113-801B-403EFC7B8962}.Release|x64.ActiveCfg = Release|x64
		{B21533E9-1E47-4113-801B-403EFC7B8962}.Release|x86.ActiveCfg = Release|Win32
		{B21533E9-1E47-4113-801B-403EFC7B8962}.Release|x86.Build.0 = Release|Win32
		{B21533E9-1E47-4113-801B-403EFC7B8962}.Release-Static|x64.ActiveCfg = Release-Static|x64
		{B21533E9-1E47-4113-801B-403EFC7B8962}.Release-Static|x64.Build.0 = Release-Static|x64
		{B21533E9-1E47-4113-801B-403EFC7B8962}.Release-Static|x86.ActiveCfg = Release-Static|Win32
	EndGlobalSection
	GlobalSection(SolutionProperties) = preSolution
		HideSolutionNode = FALSE
	EndGlobalSection
	GlobalSection(ExtensibilityGlobals) = postSolution
		SolutionGuid = {7DD42386-C4BA-4C1D-A01E-E514FEC60959}
	EndGlobalSection
EndGlobal
